
Microsoft Visual Studio Solution File, Format Version 11.00
# Visual Studio 2010
Project("{FAE04EC0-301F-11D3-BF4B-00C04F79EFBC}") = "AutomatedMt4", "AutomatedMt4\AutomatedMt4.csproj", "{22FC28EB-830A-41CD-BC56-54BD40DCF4E4}"
EndProject
Project("{FAE04EC0-301F-11D3-BF4B-00C04F79EFBC}") = "AutomatedMt4.DataAccess", "AutomatedMt4.DataAccess\AutomatedMt4.DataAccess.csproj", "{8D0076C3-3615-4977-BA57-70AED3D80535}"
EndProject
Project("{FAE04EC0-301F-11D3-BF4B-00C04F79EFBC}") = "AutomatedMt4.Experts", "AutomatedMt4.Experts\AutomatedMt4.Experts.csproj", "{1DB6F217-D977-4516-878E-D8BC723224D5}"
EndProject
Project("{FAE04EC0-301F-11D3-BF4B-00C04F79EFBC}") = "AutomatedMt4.DI", "AutomatedMt4.DI\AutomatedMt4.DI.csproj", "{7F37A7E9-49C2-4C34-A6CB-39441069B041}"
EndProject
Project("{FAE04EC0-301F-11D3-BF4B-00C04F79EFBC}") = "AutomatedMT4.Main", "AutomatedMT4.Main\AutomatedMT4.Main.csproj", "{07290718-00C2-4B92-9517-53A3243CDEC1}"
EndProject
Project("{FAE04EC0-301F-11D3-BF4B-00C04F79EFBC}") = "AutomatedMT4.Core", "AutomatedMT4.Core\AutomatedMT4.Core.csproj", "{BD134B8E-F33A-4B9A-A81A-D98972B8F282}"
EndProject
Project("{FAE04EC0-301F-11D3-BF4B-00C04F79EFBC}") = "AutomatedMT4.Scheduler", "AutomatedMT4.Scheduler\AutomatedMT4.Scheduler.csproj", "{583F7EED-4AAF-44D5-B67D-16AFCED5C24C}"
EndProject
Global
	GlobalSection(SolutionConfigurationPlatforms) = preSolution
		Debug|Any CPU = Debug|Any CPU
		Debug|Mixed Platforms = Debug|Mixed Platforms
		Debug|x86 = Debug|x86
		Release|Any CPU = Release|Any CPU
		Release|Mixed Platforms = Release|Mixed Platforms
		Release|x86 = Release|x86
	EndGlobalSection
	GlobalSection(ProjectConfigurationPlatforms) = postSolution
		{22FC28EB-830A-41CD-BC56-54BD40DCF4E4}.Debug|Any CPU.ActiveCfg = Debug|Any CPU
		{22FC28EB-830A-41CD-BC56-54BD40DCF4E4}.Debug|Any CPU.Build.0 = Debug|Any CPU
		{22FC28EB-830A-41CD-BC56-54BD40DCF4E4}.Debug|Mixed Platforms.ActiveCfg = Debug|Any CPU
		{22FC28EB-830A-41CD-BC56-54BD40DCF4E4}.Debug|Mixed Platforms.Build.0 = Debug|Any CPU
		{22FC28EB-830A-41CD-BC56-54BD40DCF4E4}.Debug|x86.ActiveCfg = Debug|Any CPU
		{22FC28EB-830A-41CD-BC56-54BD40DCF4E4}.Release|Any CPU.ActiveCfg = Release|Any CPU
		{22FC28EB-830A-41CD-BC56-54BD40DCF4E4}.Release|Any CPU.Build.0 = Release|Any CPU
		{22FC28EB-830A-41CD-BC56-54BD40DCF4E4}.Release|Mixed Platforms.ActiveCfg = Release|Any CPU
		{22FC28EB-830A-41CD-BC56-54BD40DCF4E4}.Release|Mixed Platforms.Build.0 = Release|Any CPU
		{22FC28EB-830A-41CD-BC56-54BD40DCF4E4}.Release|x86.ActiveCfg = Release|Any CPU
		{8D0076C3-3615-4977-BA57-70AED3D80535}.Debug|Any CPU.ActiveCfg = Debug|Any CPU
		{8D0076C3-3615-4977-BA57-70AED3D80535}.Debug|Any CPU.Build.0 = Debug|Any CPU
		{8D0076C3-3615-4977-BA57-70AED3D80535}.Debug|Mixed Platforms.ActiveCfg = Debug|Any CPU
		{8D0076C3-3615-4977-BA57-70AED3D80535}.Debug|Mixed Platforms.Build.0 = Debug|Any CPU
		{8D0076C3-3615-4977-BA57-70AED3D80535}.Debug|x86.ActiveCfg = Debug|Any CPU
		{8D0076C3-3615-4977-BA57-70AED3D80535}.Release|Any CPU.ActiveCfg = Release|Any CPU
		{8D0076C3-3615-4977-BA57-70AED3D80535}.Release|Any CPU.Build.0 = Release|Any CPU
		{8D0076C3-3615-4977-BA57-70AED3D80535}.Release|Mixed Platforms.ActiveCfg = Release|Any CPU
		{8D0076C3-3615-4977-BA57-70AED3D80535}.Release|Mixed Platforms.Build.0 = Release|Any CPU
		{8D0076C3-3615-4977-BA57-70AED3D80535}.Release|x86.ActiveCfg = Release|Any CPU
		{1DB6F217-D977-4516-878E-D8BC723224D5}.Debug|Any CPU.ActiveCfg = Debug|Any CPU
		{1DB6F217-D977-4516-878E-D8BC723224D5}.Debug|Any CPU.Build.0 = Debug|Any CPU
		{1DB6F217-D977-4516-878E-D8BC723224D5}.Debug|Mixed Platforms.ActiveCfg = Debug|Any CPU
		{1DB6F217-D977-4516-878E-D8BC723224D5}.Debug|Mixed Platforms.Build.0 = Debug|Any CPU
		{1DB6F217-D977-4516-878E-D8BC723224D5}.Debug|x86.ActiveCfg = Debug|Any CPU
		{1DB6F217-D977-4516-878E-D8BC723224D5}.Release|Any CPU.ActiveCfg = Release|Any CPU
		{1DB6F217-D977-4516-878E-D8BC723224D5}.Release|Any CPU.Build.0 = Release|Any CPU
		{1DB6F217-D977-4516-878E-D8BC723224D5}.Release|Mixed Platforms.ActiveCfg = Release|Any CPU
		{1DB6F217-D977-4516-878E-D8BC723224D5}.Release|Mixed Platforms.Build.0 = Release|Any CPU
		{1DB6F217-D977-4516-878E-D8BC723224D5}.Release|x86.ActiveCfg = Release|Any CPU
		{7F37A7E9-49C2-4C34-A6CB-39441069B041}.Debug|Any CPU.ActiveCfg = Debug|Any CPU
		{7F37A7E9-49C2-4C34-A6CB-39441069B041}.Debug|Any CPU.Build.0 = Debug|Any CPU
		{7F37A7E9-49C2-4C34-A6CB-39441069B041}.Debug|Mixed Platforms.ActiveCfg = Debug|Any CPU
		{7F37A7E9-49C2-4C34-A6CB-39441069B041}.Debug|Mixed Platforms.Build.0 = Debug|Any CPU
		{7F37A7E9-49C2-4C34-A6CB-39441069B041}.Debug|x86.ActiveCfg = Debug|Any CPU
		{7F37A7E9-49C2-4C34-A6CB-39441069B041}.Release|Any CPU.ActiveCfg = Release|Any CPU
		{7F37A7E9-49C2-4C34-A6CB-39441069B041}.Release|Any CPU.Build.0 = Release|Any CPU
		{7F37A7E9-49C2-4C34-A6CB-39441069B041}.Release|Mixed Platforms.ActiveCfg = Release|Any CPU
		{7F37A7E9-49C2-4C34-A6CB-39441069B041}.Release|Mixed Platforms.Build.0 = Release|Any CPU
		{7F37A7E9-49C2-4C34-A6CB-39441069B041}.Release|x86.ActiveCfg = Release|Any CPU
		{07290718-00C2-4B92-9517-53A3243CDEC1}.Debug|Any CPU.ActiveCfg = Debug|x86
		{07290718-00C2-4B92-9517-53A3243CDEC1}.Debug|Mixed Platforms.ActiveCfg = Debug|x86
		{07290718-00C2-4B92-9517-53A3243CDEC1}.Debug|Mixed Platforms.Build.0 = Debug|x86
		{07290718-00C2-4B92-9517-53A3243CDEC1}.Debug|x86.ActiveCfg = Debug|x86
		{07290718-00C2-4B92-9517-53A3243CDEC1}.Debug|x86.Build.0 = Debug|x86
		{07290718-00C2-4B92-9517-53A3243CDEC1}.Release|Any CPU.ActiveCfg = Release|x86
		{07290718-00C2-4B92-9517-53A3243CDEC1}.Release|Mixed Platforms.ActiveCfg = Release|x86
		{07290718-00C2-4B92-9517-53A3243CDEC1}.Release|Mixed Platforms.Build.0 = Release|x86
		{07290718-00C2-4B92-9517-53A3243CDEC1}.Release|x86.ActiveCfg = Release|x86
		{07290718-00C2-4B92-9517-53A3243CDEC1}.Release|x86.Build.0 = Release|x86
		{BD134B8E-F33A-4B9A-A81A-D98972B8F282}.Debug|Any CPU.ActiveCfg = Debug|Any CPU
		{BD134B8E-F33A-4B9A-A81A-D98972B8F282}.Debug|Any CPU.Build.0 = Debug|Any CPU
		{BD134B8E-F33A-4B9A-A81A-D98972B8F282}.Debug|Mixed Platforms.ActiveCfg = Debug|Any CPU
		{BD134B8E-F33A-4B9A-A81A-D98972B8F282}.Debug|Mixed Platforms.Build.0 = Debug|Any CPU
		{BD134B8E-F33A-4B9A-A81A-D98972B8F282}.Debug|x86.ActiveCfg = Debug|Any CPU
		{BD134B8E-F33A-4B9A-A81A-D98972B8F282}.Release|Any CPU.ActiveCfg = Release|Any CPU
		{BD134B8E-F33A-4B9A-A81A-D98972B8F282}.Release|Any CPU.Build.0 = Release|Any CPU
		{BD134B8E-F33A-4B9A-A81A-D98972B8F282}.Release|Mixed Platforms.ActiveCfg = Release|Any CPU
		{BD134B8E-F33A-4B9A-A81A-D98972B8F282}.Release|Mixed Platforms.Build.0 = Release|Any CPU
		{BD134B8E-F33A-4B9A-A81A-D98972B8F282}.Release|x86.ActiveCfg = Release|Any CPU
		{583F7EED-4AAF-44D5-B67D-16AFCED5C24C}.Debug|Any CPU.ActiveCfg = Debug|Any CPU
		{583F7EED-4AAF-44D5-B67D-16AFCED5C24C}.Debug|Any CPU.Build.0 = Debug|Any CPU
		{583F7EED-4AAF-44D5-B67D-16AFCED5C24C}.Debug|Mixed Platforms.ActiveCfg = Debug|Any CPU
		{583F7EED-4AAF-44D5-B67D-16AFCED5C24C}.Debug|Mixed Platforms.Build.0 = Debug|Any CPU
		{583F7EED-4AAF-44D5-B67D-16AFCED5C24C}.Debug|x86.ActiveCfg = Debug|Any CPU
		{583F7EED-4AAF-44D5-B67D-16AFCED5C24C}.Release|Any CPU.ActiveCfg = Release|Any CPU
		{583F7EED-4AAF-44D5-B67D-16AFCED5C24C}.Release|Any CPU.Build.0 = Release|Any CPU
		{583F7EED-4AAF-44D5-B67D-16AFCED5C24C}.Release|Mixed Platforms.ActiveCfg = Release|Any CPU
		{583F7EED-4AAF-44D5-B67D-16AFCED5C24C}.Release|Mixed Platforms.Build.0 = Release|Any CPU
		{583F7EED-4AAF-44D5-B67D-16AFCED5C24C}.Release|x86.ActiveCfg = Release|Any CPU
	EndGlobalSection
	GlobalSection(SolutionProperties) = preSolution
		HideSolutionNode = FALSE
	EndGlobalSection
EndGlobal
